
Microsoft Visual Studio Solution File, Format Version 12.00
# Visual Studio Version 17
VisualStudioVersion = 17.5.002.0
MinimumVisualStudioVersion = 10.0.40219.1
Project("{9A19103F-16F7-4668-BE54-9A1E7A4F7556}") = "TrilhaApiDesafio", "TrilhaApiDesafio.csproj", "{1DBC1071-4CFD-4F0B-B6E0-567E19EFF343}"
EndProject
Global
	GlobalSection(SolutionConfigurationPlatforms) = preSolution
		Debug|Any CPU = Debug|Any CPU
		Release|Any CPU = Release|Any CPU
	EndGlobalSection
	GlobalSection(ProjectConfigurationPlatforms) = postSolution
		{1DBC1071-4CFD-4F0B-B6E0-567E19EFF343}.Debug|Any CPU.ActiveCfg = Debug|Any CPU
		{1DBC1071-4CFD-4F0B-B6E0-567E19EFF343}.Debug|Any CPU.Build.0 = Debug|Any CPU
		{1DBC1071-4CFD-4F0B-B6E0-567E19EFF343}.Release|Any CPU.ActiveCfg = Release|Any CPU
		{1DBC1071-4CFD-4F0B-B6E0-567E19EFF343}.Release|Any CPU.Build.0 = Release|Any CPU
	EndGlobalSection
	GlobalSection(SolutionProperties) = preSolution
		HideSolutionNode = FALSE
	EndGlobalSection
	GlobalSection(ExtensibilityGlobals) = postSolution
		SolutionGuid = {AFE8FD1E-92B4-4F5A-967E-54E5DEF651FE}
	EndGlobalSection
EndGlobal
